
Microsoft Visual Studio Solution File, Format Version 12.00
# Visual Studio Version 16
VisualStudioVersion = 16.0.29025.244
MinimumVisualStudioVersion = 10.0.40219.1
Project("{FAE04EC0-301F-11D3-BF4B-00C04F79EFBC}") = "RPH Assassin Mod", "RPH Assassin Mod\RPH Assassin Mod.csproj", "{B5ECC669-1686-424D-914D-683221BBC2D7}"
EndProject
Global
	GlobalSection(SolutionConfigurationPlatforms) = preSolution
		Debug|Any CPU = Debug|Any CPU
		Release|Any CPU = Release|Any CPU
	EndGlobalSection
	GlobalSection(ProjectConfigurationPlatforms) = postSolution
		{B5ECC669-1686-424D-914D-683221BBC2D7}.Debug|Any CPU.ActiveCfg = Debug|Any CPU
		{B5ECC669-1686-424D-914D-683221BBC2D7}.Debug|Any CPU.Build.0 = Debug|Any CPU
		{B5ECC669-1686-424D-914D-683221BBC2D7}.Release|Any CPU.ActiveCfg = Release|Any CPU
		{B5ECC669-1686-424D-914D-683221BBC2D7}.Release|Any CPU.Build.0 = Release|Any CPU
	EndGlobalSection
	GlobalSection(SolutionProperties) = preSolution
		HideSolutionNode = FALSE
	EndGlobalSection
	GlobalSection(ExtensibilityGlobals) = postSolution
		SolutionGuid = {D90AC72C-2512-4C19-9F99-D520B09C7A97}
	EndGlobalSection
EndGlobal
